
Microsoft Visual Studio Solution File, Format Version 12.00
# Visual Studio Version 17
VisualStudioVersion = 17.11.35303.130
MinimumVisualStudioVersion = 10.0.40219.1
Project("{FAE04EC0-301F-11D3-BF4B-00C04F79EFBC}") = "CaptureWindow-Winforms", "CaptureWindow-Winforms\CaptureWindow-Winforms\CaptureWindow-Winforms.csproj", "{C324A64F-CFCF-4A09-8151-93D82179F9D6}"
EndProject
Project("{FAE04EC0-301F-11D3-BF4B-00C04F79EFBC}") = "CaptureWindow-WPF", "CaptureWindow-WPF\CaptureWindow-WPF\CaptureWindow-WPF.csproj", "{0A9E208D-D2A7-4866-91D1-3EF570245C03}"
EndProject
Project("{FAE04EC0-301F-11D3-BF4B-00C04F79EFBC}") = "(Obsolete)CaptureWindow", "(Obosolete)CaptureWindowTest\(Obsolete)CaptureWindow.csproj", "{4538A9FA-4A31-420F-B986-E793CA7A106D}"
EndProject
Global
	GlobalSection(SolutionConfigurationPlatforms) = preSolution
		Debug|Any CPU = Debug|Any CPU
		Release|Any CPU = Release|Any CPU
	EndGlobalSection
	GlobalSection(ProjectConfigurationPlatforms) = postSolution
		{C324A64F-CFCF-4A09-8151-93D82179F9D6}.Debug|Any CPU.ActiveCfg = Debug|Any CPU
		{C324A64F-CFCF-4A09-8151-93D82179F9D6}.Debug|Any CPU.Build.0 = Debug|Any CPU
		{C324A64F-CFCF-4A09-8151-93D82179F9D6}.Release|Any CPU.ActiveCfg = Release|Any CPU
		{C324A64F-CFCF-4A09-8151-93D82179F9D6}.Release|Any CPU.Build.0 = Release|Any CPU
		{0A9E208D-D2A7-4866-91D1-3EF570245C03}.Debug|Any CPU.ActiveCfg = Debug|Any CPU
		{0A9E208D-D2A7-4866-91D1-3EF570245C03}.Debug|Any CPU.Build.0 = Debug|Any CPU
		{0A9E208D-D2A7-4866-91D1-3EF570245C03}.Release|Any CPU.ActiveCfg = Release|Any CPU
		{0A9E208D-D2A7-4866-91D1-3EF570245C03}.Release|Any CPU.Build.0 = Release|Any CPU
		{4538A9FA-4A31-420F-B986-E793CA7A106D}.Debug|Any CPU.ActiveCfg = Debug|Any CPU
		{4538A9FA-4A31-420F-B986-E793CA7A106D}.Debug|Any CPU.Build.0 = Debug|Any CPU
		{4538A9FA-4A31-420F-B986-E793CA7A106D}.Release|Any CPU.ActiveCfg = Release|Any CPU
		{4538A9FA-4A31-420F-B986-E793CA7A106D}.Release|Any CPU.Build.0 = Release|Any CPU
	EndGlobalSection
	GlobalSection(SolutionProperties) = preSolution
		HideSolutionNode = FALSE
	EndGlobalSection
	GlobalSection(ExtensibilityGlobals) = postSolution
		SolutionGuid = {FC148E70-8A31-483A-B006-CF97C86169A4}
	EndGlobalSection
EndGlobal
